
Microsoft Visual Studio Solution File, Format Version 12.00
# Visual Studio Version 16
VisualStudioVersion = 16.0.810.17
MinimumVisualStudioVersion = 10.0.40219.1
Project("{FAE04EC0-301F-11D3-BF4B-00C04F79EFBC}") = "001_HelloWorld", "001_HelloWorld\001_HelloWorld.csproj", "{F518817C-5477-4F08-AF1B-B57E9625C75F}"
EndProject
Project("{FAE04EC0-301F-11D3-BF4B-00C04F79EFBC}") = "002_HelloWorld2", "002_HelloWorld2\002_HelloWorld2.csproj", "{3D9227F8-4781-4998-B68F-29C9771FED24}"
EndProject
Project("{FAE04EC0-301F-11D3-BF4B-00C04F79EFBC}") = "003_HelloWorld3", "003_HelloWorld3\003_HelloWorld3.csproj", "{4A603971-033B-4E85-9470-49CE005A5255}"
EndProject
Project("{FAE04EC0-301F-11D3-BF4B-00C04F79EFBC}") = "004_Check", "004_Check\004_Check.csproj", "{EFFF1CD6-38A1-474A-BEB9-C0C38340CD2A}"
EndProject
Project("{FAE04EC0-301F-11D3-BF4B-00C04F79EFBC}") = "005_Check", "005_Check\005_Check.csproj", "{33FF44A0-4627-44F8-B2AF-44CB50D79F85}"
EndProject
Project("{FAE04EC0-301F-11D3-BF4B-00C04F79EFBC}") = "006_Variable", "006_Variable\006_Variable.csproj", "{E8BB2166-00FB-4F3F-B030-8721D560C52E}"
EndProject
Project("{FAE04EC0-301F-11D3-BF4B-00C04F79EFBC}") = "007_Variable2", "007_Variable2\007_Variable2.csproj", "{50EE2648-A85B-40DF-8D29-D328C1EDBD3A}"
EndProject
Project("{FAE04EC0-301F-11D3-BF4B-00C04F79EFBC}") = "008_Data1", "008_Data1\008_Data1.csproj", "{58DE727A-63F1-4731-B4EC-1992D43D6484}"
EndProject
Project("{FAE04EC0-301F-11D3-BF4B-00C04F79EFBC}") = "009_Data2", "009_Data2\009_Data2.csproj", "{86077AE6-D5F3-491F-A355-2BAA4E51F893}"
EndProject
Project("{FAE04EC0-301F-11D3-BF4B-00C04F79EFBC}") = "010_Data3", "010_Data3\010_Data3.csproj", "{AA474ED7-E3DF-4831-B95F-8259D494F5CC}"
EndProject
Project("{FAE04EC0-301F-11D3-BF4B-00C04F79EFBC}") = "011_Data4", "011_Data4\011_Data4.csproj", "{3724200C-C5A4-4B81-9AA5-D0B365E3E463}"
EndProject
Project("{FAE04EC0-301F-11D3-BF4B-00C04F79EFBC}") = "012_Data5", "012_Data5\012_Data5.csproj", "{5EC06302-207F-477F-A255-850EA4B890A3}"
EndProject
Project("{FAE04EC0-301F-11D3-BF4B-00C04F79EFBC}") = "013_Data6", "013_Data6\013_Data6.csproj", "{47E78195-6478-49AB-A55E-9B071BB40D71}"
EndProject
Project("{FAE04EC0-301F-11D3-BF4B-00C04F79EFBC}") = "014_Data7", "014_Data7\014_Data7.csproj", "{02AD7ED5-F3AE-4B90-ACED-A32CAF9B9C41}"
EndProject
Project("{FAE04EC0-301F-11D3-BF4B-00C04F79EFBC}") = "015_Data8", "015_Data8\015_Data8.csproj", "{D42D0929-01CD-4536-8D86-D1B318931907}"
EndProject
Project("{FAE04EC0-301F-11D3-BF4B-00C04F79EFBC}") = "016_String", "016_String\016_String.csproj", "{62C1AA01-DD11-4ED5-990D-415582166461}"
EndProject
Project("{FAE04EC0-301F-11D3-BF4B-00C04F79EFBC}") = "017_Data_bool", "017_Data_bool\017_Data_bool.csproj", "{EFAE79C6-3F16-48AB-BAFB-6250B2867C23}"
EndProject
Project("{FAE04EC0-301F-11D3-BF4B-00C04F79EFBC}") = "018_Data_object", "018_Data_object\018_Data_object.csproj", "{D012E5EE-2B88-45E9-BF64-E4E84DD2F3CA}"
EndProject
Project("{FAE04EC0-301F-11D3-BF4B-00C04F79EFBC}") = "019_Data_enum", "019_Data_enum\019_Data_enum.csproj", "{080D286F-C7C1-4F36-BD7D-7931B3A32EC2}"
EndProject
Project("{FAE04EC0-301F-11D3-BF4B-00C04F79EFBC}") = "020_Data_enum2", "020_Data_enum2\020_Data_enum2.csproj", "{17527490-7560-4BC8-A3E2-12069F1FB635}"
EndProject
Project("{FAE04EC0-301F-11D3-BF4B-00C04F79EFBC}") = "021_Data_nullable", "021_Data_nullable\021_Data_nullable.csproj", "{09E8A51F-777D-4959-AECB-DEC1FC92E6B8}"
EndProject
Project("{FAE04EC0-301F-11D3-BF4B-00C04F79EFBC}") = "022_Data_var", "022_Data_var\022_Data_var.csproj", "{642F08C7-B035-4F6E-B34A-96D20A7EEEAB}"
EndProject
Project("{FAE04EC0-301F-11D3-BF4B-00C04F79EFBC}") = "023_Data_const", "023_Data_const\023_Data_const.csproj", "{1CA04539-A4B0-40EE-B135-CE285D4F0347}"
EndProject
Project("{FAE04EC0-301F-11D3-BF4B-00C04F79EFBC}") = "024_Data_cast", "024_Data_cast\024_Data_cast.csproj", "{8C1E3D42-C9F6-4536-94E5-061C533654B8}"
EndProject
Project("{FAE04EC0-301F-11D3-BF4B-00C04F79EFBC}") = "025_Data_ToString", "025_Data_ToString\025_Data_ToString.csproj", "{4903941C-9164-4FB6-958B-E7318EE7D8B0}"
EndProject
Project("{FAE04EC0-301F-11D3-BF4B-00C04F79EFBC}") = "026_Data_Parse", "026_Data_Parse\026_Data_Parse.csproj", "{58D0E789-8F22-47CA-98DC-33D74B2406EA}"
EndProject
Project("{FAE04EC0-301F-11D3-BF4B-00C04F79EFBC}") = "027_Data_Convert", "027_Data_Convert\027_Data_Convert.csproj", "{1D198073-7C9D-4F81-A466-06360B959D9D}"
EndProject
Project("{FAE04EC0-301F-11D3-BF4B-00C04F79EFBC}") = "028_Data_reference", "028_Data_reference\028_Data_reference.csproj", "{68DF5DD7-E494-42F8-9409-B3DE3F0EF02D}"
EndProject
Project("{FAE04EC0-301F-11D3-BF4B-00C04F79EFBC}") = "029_Data_boxing", "029_Data_boxing\029_Data_boxing.csproj", "{C33E8841-6596-4225-AE0F-32044D553E7E}"
EndProject
Project("{FAE04EC0-301F-11D3-BF4B-00C04F79EFBC}") = "030_ReadLine", "030_ReadLine\030_ReadLine.csproj", "{E9998FB8-D44F-430D-981E-71D4D5012318}"
EndProject
Project("{FAE04EC0-301F-11D3-BF4B-00C04F79EFBC}") = "031_ReadLine2", "031_ReadLine2\031_ReadLine2.csproj", "{F2814754-68B2-46BA-85C3-18C0157EFDD3}"
EndProject
Project("{FAE04EC0-301F-11D3-BF4B-00C04F79EFBC}") = "032_Check", "032_Check\032_Check.csproj", "{76055AE5-CB35-4512-957B-5C637839130F}"
EndProject
Project("{FAE04EC0-301F-11D3-BF4B-00C04F79EFBC}") = "033_Check", "033_Check\033_Check.csproj", "{A3FCD40F-3667-4EB0-94BB-04D00D3C6697}"
EndProject
Project("{FAE04EC0-301F-11D3-BF4B-00C04F79EFBC}") = "034_Operator1", "034_Operator1\034_Operator1.csproj", "{C82FA83B-AAFA-4115-A049-16D3B43C01AC}"
EndProject
Project("{FAE04EC0-301F-11D3-BF4B-00C04F79EFBC}") = "035_Operator2", "035_Operator2\035_Operator2.csproj", "{B5C39ACA-CCA7-4BB0-A2F3-2D1E43C3C455}"
EndProject
Project("{FAE04EC0-301F-11D3-BF4B-00C04F79EFBC}") = "036_Operator3", "036_Operator3\036_Operator3.csproj", "{21057AAF-6EED-4595-999B-D91E5395529C}"
EndProject
Project("{FAE04EC0-301F-11D3-BF4B-00C04F79EFBC}") = "036_01_Operator3", "036_01_Operator3\036_01_Operator3.csproj", "{70F1E160-B5F8-4D11-805D-6A40E25E9655}"
EndProject
Project("{FAE04EC0-301F-11D3-BF4B-00C04F79EFBC}") = "037_Operator4", "037_Operator4\037_Operator4.csproj", "{11F44F43-69F1-48D5-BA79-2315AF55F1CF}"
EndProject
Project("{FAE04EC0-301F-11D3-BF4B-00C04F79EFBC}") = "38_Operator5", "38_Operator5\38_Operator5.csproj", "{388CD43F-7104-4CC5-94A7-54B561756E0C}"
EndProject
Project("{FAE04EC0-301F-11D3-BF4B-00C04F79EFBC}") = "39_Operator6", "39_Operator6\39_Operator6.csproj", "{1101ACC2-F968-41F4-92EE-6073D07F706C}"
EndProject
Project("{FAE04EC0-301F-11D3-BF4B-00C04F79EFBC}") = "40_Operator_Bit", "40_Operator_Bit\40_Operator_Bit.csproj", "{2159AF3F-916E-4F9F-82C1-963250D48AA1}"
EndProject
Project("{FAE04EC0-301F-11D3-BF4B-00C04F79EFBC}") = "41_Operator_null", "41_Operator_null\41_Operator_null.csproj", "{48AE14DC-253C-42A4-AEFE-B22A1DBF699B}"
EndProject
Project("{FAE04EC0-301F-11D3-BF4B-00C04F79EFBC}") = "42_Operator_Branch", "42_Operator_Branch\42_Operator_Branch.csproj", "{25358A1F-D308-4E07-B129-696A158EBAEE}"
EndProject
Project("{FAE04EC0-301F-11D3-BF4B-00C04F79EFBC}") = "43_Operator_Branch2", "42_Operator_Branch2\43_Operator_Branch2.csproj", "{5CF7DF5A-801F-4742-92D4-5B22C3796B31}"
EndProject
Project("{FAE04EC0-301F-11D3-BF4B-00C04F79EFBC}") = "44_Operator_Branch3", "42_Operator_Branch3\44_Operator_Branch3.csproj", "{A84F022E-72B6-4334-AF07-357DB38348E6}"
EndProject
Project("{FAE04EC0-301F-11D3-BF4B-00C04F79EFBC}") = "45_Operator_switch", "45_Operator_switch\45_Operator_switch.csproj", "{1B7F538D-D846-4F80-9B45-2F20A4F27B21}"
EndProject
Project("{FAE04EC0-301F-11D3-BF4B-00C04F79EFBC}") = "46_Operator_switch", "46_Operator_switch2\46_Operator_switch.csproj", "{A41500AE-8602-44FB-BA45-FC3CF11B39AB}"
EndProject
Project("{FAE04EC0-301F-11D3-BF4B-00C04F79EFBC}") = "47_Operator_while", "47_Operator_while\47_Operator_while.csproj", "{085E4BEC-4ED4-4806-A2A3-44AA5AE72BDF}"
EndProject
Project("{FAE04EC0-301F-11D3-BF4B-00C04F79EFBC}") = "48_Operator_do_while", "48_Operator_do_while\48_Operator_do_while.csproj", "{F4455A7E-691E-4FFD-A531-8387664178D8}"
EndProject
Project("{FAE04EC0-301F-11D3-BF4B-00C04F79EFBC}") = "49_Operator_for", "49_Operator_for\49_Operator_for.csproj", "{A54FBA67-9500-4002-AC41-5D5007E7A326}"
EndProject
Project("{FAE04EC0-301F-11D3-BF4B-00C04F79EFBC}") = "50_Operator_for_for", "50_Operator_for_for\50_Operator_for_for.csproj", "{BE7B9F6B-51FB-46A3-B890-C8CED3C4DF3F}"
EndProject
Project("{FAE04EC0-301F-11D3-BF4B-00C04F79EFBC}") = "51_Operator_while_true", "51_Operator_while_true\51_Operator_while_true.csproj", "{A8578806-E7CC-4D77-89CB-D456A97F9A44}"
EndProject
Project("{FAE04EC0-301F-11D3-BF4B-00C04F79EFBC}") = "52_Operator_break", "52_Operator_break\52_Operator_break.csproj", "{ECCFCCAB-112A-4DAE-BB75-81189ADA1E11}"
EndProject
Project("{FAE04EC0-301F-11D3-BF4B-00C04F79EFBC}") = "53_Operator_continue", "53_Operator_continue\53_Operator_continue.csproj", "{F4D17AC6-0934-483E-9142-117598F1B1F2}"
EndProject
Project("{FAE04EC0-301F-11D3-BF4B-00C04F79EFBC}") = "54_Operator_goto", "54_Operator_goto\54_Operator_goto.csproj", "{53E12D17-12C6-4A22-81A7-294446AF1D4B}"
EndProject
Project("{FAE04EC0-301F-11D3-BF4B-00C04F79EFBC}") = "55_Check", "55_CHECK\55_CHECK.csproj", "{B0F76E0B-2D10-4CA3-BE45-91A2579D87F5}"
EndProject
Global
	GlobalSection(SolutionConfigurationPlatforms) = preSolution
		Debug|anycpu = Debug|anycpu
		Release|anycpu = Release|anycpu
	EndGlobalSection
	GlobalSection(ProjectConfigurationPlatforms) = postSolution
		{F518817C-5477-4F08-AF1B-B57E9625C75F}.Debug|anycpu.ActiveCfg = Debug|anycpu
		{F518817C-5477-4F08-AF1B-B57E9625C75F}.Debug|anycpu.Build.0 = Debug|anycpu
		{F518817C-5477-4F08-AF1B-B57E9625C75F}.Release|anycpu.ActiveCfg = Release|anycpu
		{F518817C-5477-4F08-AF1B-B57E9625C75F}.Release|anycpu.Build.0 = Release|anycpu
		{3D9227F8-4781-4998-B68F-29C9771FED24}.Debug|anycpu.ActiveCfg = Debug|anycpu
		{3D9227F8-4781-4998-B68F-29C9771FED24}.Debug|anycpu.Build.0 = Debug|anycpu
		{3D9227F8-4781-4998-B68F-29C9771FED24}.Release|anycpu.ActiveCfg = Release|anycpu
		{3D9227F8-4781-4998-B68F-29C9771FED24}.Release|anycpu.Build.0 = Release|anycpu
		{4A603971-033B-4E85-9470-49CE005A5255}.Debug|anycpu.ActiveCfg = Debug|anycpu
		{4A603971-033B-4E85-9470-49CE005A5255}.Debug|anycpu.Build.0 = Debug|anycpu
		{4A603971-033B-4E85-9470-49CE005A5255}.Release|anycpu.ActiveCfg = Release|anycpu
		{4A603971-033B-4E85-9470-49CE005A5255}.Release|anycpu.Build.0 = Release|anycpu
		{EFFF1CD6-38A1-474A-BEB9-C0C38340CD2A}.Debug|anycpu.ActiveCfg = Debug|anycpu
		{EFFF1CD6-38A1-474A-BEB9-C0C38340CD2A}.Debug|anycpu.Build.0 = Debug|anycpu
		{EFFF1CD6-38A1-474A-BEB9-C0C38340CD2A}.Release|anycpu.ActiveCfg = Release|anycpu
		{EFFF1CD6-38A1-474A-BEB9-C0C38340CD2A}.Release|anycpu.Build.0 = Release|anycpu
		{33FF44A0-4627-44F8-B2AF-44CB50D79F85}.Debug|anycpu.ActiveCfg = Debug|anycpu
		{33FF44A0-4627-44F8-B2AF-44CB50D79F85}.Debug|anycpu.Build.0 = Debug|anycpu
		{33FF44A0-4627-44F8-B2AF-44CB50D79F85}.Release|anycpu.ActiveCfg = Release|anycpu
		{33FF44A0-4627-44F8-B2AF-44CB50D79F85}.Release|anycpu.Build.0 = Release|anycpu
		{E8BB2166-00FB-4F3F-B030-8721D560C52E}.Debug|anycpu.ActiveCfg = Debug|anycpu
		{E8BB2166-00FB-4F3F-B030-8721D560C52E}.Debug|anycpu.Build.0 = Debug|anycpu
		{E8BB2166-00FB-4F3F-B030-8721D560C52E}.Release|anycpu.ActiveCfg = Release|anycpu
		{E8BB2166-00FB-4F3F-B030-8721D560C52E}.Release|anycpu.Build.0 = Release|anycpu
		{50EE2648-A85B-40DF-8D29-D328C1EDBD3A}.Debug|anycpu.ActiveCfg = Debug|anycpu
		{50EE2648-A85B-40DF-8D29-D328C1EDBD3A}.Debug|anycpu.Build.0 = Debug|anycpu
		{50EE2648-A85B-40DF-8D29-D328C1EDBD3A}.Release|anycpu.ActiveCfg = Release|anycpu
		{50EE2648-A85B-40DF-8D29-D328C1EDBD3A}.Release|anycpu.Build.0 = Release|anycpu
		{58DE727A-63F1-4731-B4EC-1992D43D6484}.Debug|anycpu.ActiveCfg = Debug|anycpu
		{58DE727A-63F1-4731-B4EC-1992D43D6484}.Debug|anycpu.Build.0 = Debug|anycpu
		{58DE727A-63F1-4731-B4EC-1992D43D6484}.Release|anycpu.ActiveCfg = Release|anycpu
		{58DE727A-63F1-4731-B4EC-1992D43D6484}.Release|anycpu.Build.0 = Release|anycpu
		{86077AE6-D5F3-491F-A355-2BAA4E51F893}.Debug|anycpu.ActiveCfg = Debug|anycpu
		{86077AE6-D5F3-491F-A355-2BAA4E51F893}.Debug|anycpu.Build.0 = Debug|anycpu
		{86077AE6-D5F3-491F-A355-2BAA4E51F893}.Release|anycpu.ActiveCfg = Release|anycpu
		{86077AE6-D5F3-491F-A355-2BAA4E51F893}.Release|anycpu.Build.0 = Release|anycpu
		{AA474ED7-E3DF-4831-B95F-8259D494F5CC}.Debug|anycpu.ActiveCfg = Debug|anycpu
		{AA474ED7-E3DF-4831-B95F-8259D494F5CC}.Debug|anycpu.Build.0 = Debug|anycpu
		{AA474ED7-E3DF-4831-B95F-8259D494F5CC}.Release|anycpu.ActiveCfg = Release|anycpu
		{AA474ED7-E3DF-4831-B95F-8259D494F5CC}.Release|anycpu.Build.0 = Release|anycpu
		{3724200C-C5A4-4B81-9AA5-D0B365E3E463}.Debug|anycpu.ActiveCfg = Debug|anycpu
		{3724200C-C5A4-4B81-9AA5-D0B365E3E463}.Debug|anycpu.Build.0 = Debug|anycpu
		{3724200C-C5A4-4B81-9AA5-D0B365E3E463}.Release|anycpu.ActiveCfg = Release|anycpu
		{3724200C-C5A4-4B81-9AA5-D0B365E3E463}.Release|anycpu.Build.0 = Release|anycpu
		{5EC06302-207F-477F-A255-850EA4B890A3}.Debug|anycpu.ActiveCfg = Debug|anycpu
		{5EC06302-207F-477F-A255-850EA4B890A3}.Debug|anycpu.Build.0 = Debug|anycpu
		{5EC06302-207F-477F-A255-850EA4B890A3}.Release|anycpu.ActiveCfg = Release|anycpu
		{5EC06302-207F-477F-A255-850EA4B890A3}.Release|anycpu.Build.0 = Release|anycpu
		{47E78195-6478-49AB-A55E-9B071BB40D71}.Debug|anycpu.ActiveCfg = Debug|anycpu
		{47E78195-6478-49AB-A55E-9B071BB40D71}.Debug|anycpu.Build.0 = Debug|anycpu
		{47E78195-6478-49AB-A55E-9B071BB40D71}.Release|anycpu.ActiveCfg = Release|anycpu
		{47E78195-6478-49AB-A55E-9B071BB40D71}.Release|anycpu.Build.0 = Release|anycpu
		{02AD7ED5-F3AE-4B90-ACED-A32CAF9B9C41}.Debug|anycpu.ActiveCfg = Debug|anycpu
		{02AD7ED5-F3AE-4B90-ACED-A32CAF9B9C41}.Debug|anycpu.Build.0 = Debug|anycpu
		{02AD7ED5-F3AE-4B90-ACED-A32CAF9B9C41}.Release|anycpu.ActiveCfg = Release|anycpu
		{02AD7ED5-F3AE-4B90-ACED-A32CAF9B9C41}.Release|anycpu.Build.0 = Release|anycpu
		{D42D0929-01CD-4536-8D86-D1B318931907}.Debug|anycpu.ActiveCfg = Debug|anycpu
		{D42D0929-01CD-4536-8D86-D1B318931907}.Debug|anycpu.Build.0 = Debug|anycpu
		{D42D0929-01CD-4536-8D86-D1B318931907}.Release|anycpu.ActiveCfg = Release|anycpu
		{D42D0929-01CD-4536-8D86-D1B318931907}.Release|anycpu.Build.0 = Release|anycpu
		{62C1AA01-DD11-4ED5-990D-415582166461}.Debug|anycpu.ActiveCfg = Debug|anycpu
		{62C1AA01-DD11-4ED5-990D-415582166461}.Debug|anycpu.Build.0 = Debug|anycpu
		{62C1AA01-DD11-4ED5-990D-415582166461}.Release|anycpu.ActiveCfg = Release|anycpu
		{62C1AA01-DD11-4ED5-990D-415582166461}.Release|anycpu.Build.0 = Release|anycpu
		{EFAE79C6-3F16-48AB-BAFB-6250B2867C23}.Debug|anycpu.ActiveCfg = Debug|anycpu
		{EFAE79C6-3F16-48AB-BAFB-6250B2867C23}.Debug|anycpu.Build.0 = Debug|anycpu
		{EFAE79C6-3F16-48AB-BAFB-6250B2867C23}.Release|anycpu.ActiveCfg = Release|anycpu
		{EFAE79C6-3F16-48AB-BAFB-6250B2867C23}.Release|anycpu.Build.0 = Release|anycpu
		{D012E5EE-2B88-45E9-BF64-E4E84DD2F3CA}.Debug|anycpu.ActiveCfg = Debug|anycpu
		{D012E5EE-2B88-45E9-BF64-E4E84DD2F3CA}.Debug|anycpu.Build.0 = Debug|anycpu
		{D012E5EE-2B88-45E9-BF64-E4E84DD2F3CA}.Release|anycpu.ActiveCfg = Release|anycpu
		{D012E5EE-2B88-45E9-BF64-E4E84DD2F3CA}.Release|anycpu.Build.0 = Release|anycpu
		{080D286F-C7C1-4F36-BD7D-7931B3A32EC2}.Debug|anycpu.ActiveCfg = Debug|anycpu
		{080D286F-C7C1-4F36-BD7D-7931B3A32EC2}.Debug|anycpu.Build.0 = Debug|anycpu
		{080D286F-C7C1-4F36-BD7D-7931B3A32EC2}.Release|anycpu.ActiveCfg = Release|anycpu
		{080D286F-C7C1-4F36-BD7D-7931B3A32EC2}.Release|anycpu.Build.0 = Release|anycpu
		{17527490-7560-4BC8-A3E2-12069F1FB635}.Debug|anycpu.ActiveCfg = Debug|anycpu
		{17527490-7560-4BC8-A3E2-12069F1FB635}.Debug|anycpu.Build.0 = Debug|anycpu
		{17527490-7560-4BC8-A3E2-12069F1FB635}.Release|anycpu.ActiveCfg = Release|anycpu
		{17527490-7560-4BC8-A3E2-12069F1FB635}.Release|anycpu.Build.0 = Release|anycpu
		{09E8A51F-777D-4959-AECB-DEC1FC92E6B8}.Debug|anycpu.ActiveCfg = Debug|anycpu
		{09E8A51F-777D-4959-AECB-DEC1FC92E6B8}.Debug|anycpu.Build.0 = Debug|anycpu
		{09E8A51F-777D-4959-AECB-DEC1FC92E6B8}.Release|anycpu.ActiveCfg = Release|anycpu
		{09E8A51F-777D-4959-AECB-DEC1FC92E6B8}.Release|anycpu.Build.0 = Release|anycpu
		{642F08C7-B035-4F6E-B34A-96D20A7EEEAB}.Debug|anycpu.ActiveCfg = Debug|anycpu
		{642F08C7-B035-4F6E-B34A-96D20A7EEEAB}.Debug|anycpu.Build.0 = Debug|anycpu
		{642F08C7-B035-4F6E-B34A-96D20A7EEEAB}.Release|anycpu.ActiveCfg = Release|anycpu
		{642F08C7-B035-4F6E-B34A-96D20A7EEEAB}.Release|anycpu.Build.0 = Release|anycpu
		{1CA04539-A4B0-40EE-B135-CE285D4F0347}.Debug|anycpu.ActiveCfg = Debug|anycpu
		{1CA04539-A4B0-40EE-B135-CE285D4F0347}.Debug|anycpu.Build.0 = Debug|anycpu
		{1CA04539-A4B0-40EE-B135-CE285D4F0347}.Release|anycpu.ActiveCfg = Release|anycpu
		{1CA04539-A4B0-40EE-B135-CE285D4F0347}.Release|anycpu.Build.0 = Release|anycpu
		{8C1E3D42-C9F6-4536-94E5-061C533654B8}.Debug|anycpu.ActiveCfg = Debug|anycpu
		{8C1E3D42-C9F6-4536-94E5-061C533654B8}.Debug|anycpu.Build.0 = Debug|anycpu
		{8C1E3D42-C9F6-4536-94E5-061C533654B8}.Release|anycpu.ActiveCfg = Release|anycpu
		{8C1E3D42-C9F6-4536-94E5-061C533654B8}.Release|anycpu.Build.0 = Release|anycpu
		{4903941C-9164-4FB6-958B-E7318EE7D8B0}.Debug|anycpu.ActiveCfg = Debug|anycpu
		{4903941C-9164-4FB6-958B-E7318EE7D8B0}.Debug|anycpu.Build.0 = Debug|anycpu
		{4903941C-9164-4FB6-958B-E7318EE7D8B0}.Release|anycpu.ActiveCfg = Release|anycpu
		{4903941C-9164-4FB6-958B-E7318EE7D8B0}.Release|anycpu.Build.0 = Release|anycpu
		{58D0E789-8F22-47CA-98DC-33D74B2406EA}.Debug|anycpu.ActiveCfg = Debug|anycpu
		{58D0E789-8F22-47CA-98DC-33D74B2406EA}.Debug|anycpu.Build.0 = Debug|anycpu
		{58D0E789-8F22-47CA-98DC-33D74B2406EA}.Release|anycpu.ActiveCfg = Release|anycpu
		{58D0E789-8F22-47CA-98DC-33D74B2406EA}.Release|anycpu.Build.0 = Release|anycpu
		{1D198073-7C9D-4F81-A466-06360B959D9D}.Debug|anycpu.ActiveCfg = Debug|anycpu
		{1D198073-7C9D-4F81-A466-06360B959D9D}.Debug|anycpu.Build.0 = Debug|anycpu
		{1D198073-7C9D-4F81-A466-06360B959D9D}.Release|anycpu.ActiveCfg = Release|anycpu
		{1D198073-7C9D-4F81-A466-06360B959D9D}.Release|anycpu.Build.0 = Release|anycpu
		{68DF5DD7-E494-42F8-9409-B3DE3F0EF02D}.Debug|anycpu.ActiveCfg = Debug|anycpu
		{68DF5DD7-E494-42F8-9409-B3DE3F0EF02D}.Debug|anycpu.Build.0 = Debug|anycpu
		{68DF5DD7-E494-42F8-9409-B3DE3F0EF02D}.Release|anycpu.ActiveCfg = Release|anycpu
		{68DF5DD7-E494-42F8-9409-B3DE3F0EF02D}.Release|anycpu.Build.0 = Release|anycpu
		{C33E8841-6596-4225-AE0F-32044D553E7E}.Debug|anycpu.ActiveCfg = Debug|anycpu
		{C33E8841-6596-4225-AE0F-32044D553E7E}.Debug|anycpu.Build.0 = Debug|anycpu
		{C33E8841-6596-4225-AE0F-32044D553E7E}.Release|anycpu.ActiveCfg = Release|anycpu
		{C33E8841-6596-4225-AE0F-32044D553E7E}.Release|anycpu.Build.0 = Release|anycpu
		{E9998FB8-D44F-430D-981E-71D4D5012318}.Debug|anycpu.ActiveCfg = Debug|anycpu
		{E9998FB8-D44F-430D-981E-71D4D5012318}.Debug|anycpu.Build.0 = Debug|anycpu
		{E9998FB8-D44F-430D-981E-71D4D5012318}.Release|anycpu.ActiveCfg = Release|anycpu
		{E9998FB8-D44F-430D-981E-71D4D5012318}.Release|anycpu.Build.0 = Release|anycpu
		{F2814754-68B2-46BA-85C3-18C0157EFDD3}.Debug|anycpu.ActiveCfg = Debug|anycpu
		{F2814754-68B2-46BA-85C3-18C0157EFDD3}.Debug|anycpu.Build.0 = Debug|anycpu
		{F2814754-68B2-46BA-85C3-18C0157EFDD3}.Release|anycpu.ActiveCfg = Release|anycpu
		{F2814754-68B2-46BA-85C3-18C0157EFDD3}.Release|anycpu.Build.0 = Release|anycpu
		{76055AE5-CB35-4512-957B-5C637839130F}.Debug|anycpu.ActiveCfg = Debug|anycpu
		{76055AE5-CB35-4512-957B-5C637839130F}.Debug|anycpu.Build.0 = Debug|anycpu
		{76055AE5-CB35-4512-957B-5C637839130F}.Release|anycpu.ActiveCfg = Release|anycpu
		{76055AE5-CB35-4512-957B-5C637839130F}.Release|anycpu.Build.0 = Release|anycpu
		{A3FCD40F-3667-4EB0-94BB-04D00D3C6697}.Debug|anycpu.ActiveCfg = Debug|anycpu
		{A3FCD40F-3667-4EB0-94BB-04D00D3C6697}.Debug|anycpu.Build.0 = Debug|anycpu
		{A3FCD40F-3667-4EB0-94BB-04D00D3C6697}.Release|anycpu.ActiveCfg = Release|anycpu
		{A3FCD40F-3667-4EB0-94BB-04D00D3C6697}.Release|anycpu.Build.0 = Release|anycpu
		{C82FA83B-AAFA-4115-A049-16D3B43C01AC}.Debug|anycpu.ActiveCfg = Debug|anycpu
		{C82FA83B-AAFA-4115-A049-16D3B43C01AC}.Debug|anycpu.Build.0 = Debug|anycpu
		{C82FA83B-AAFA-4115-A049-16D3B43C01AC}.Release|anycpu.ActiveCfg = Release|anycpu
		{C82FA83B-AAFA-4115-A049-16D3B43C01AC}.Release|anycpu.Build.0 = Release|anycpu
		{B5C39ACA-CCA7-4BB0-A2F3-2D1E43C3C455}.Debug|anycpu.ActiveCfg = Debug|anycpu
		{B5C39ACA-CCA7-4BB0-A2F3-2D1E43C3C455}.Debug|anycpu.Build.0 = Debug|anycpu
		{B5C39ACA-CCA7-4BB0-A2F3-2D1E43C3C455}.Release|anycpu.ActiveCfg = Release|anycpu
		{B5C39ACA-CCA7-4BB0-A2F3-2D1E43C3C455}.Release|anycpu.Build.0 = Release|anycpu
		{21057AAF-6EED-4595-999B-D91E5395529C}.Debug|anycpu.ActiveCfg = Debug|anycpu
		{21057AAF-6EED-4595-999B-D91E5395529C}.Debug|anycpu.Build.0 = Debug|anycpu
		{21057AAF-6EED-4595-999B-D91E5395529C}.Release|anycpu.ActiveCfg = Release|anycpu
		{21057AAF-6EED-4595-999B-D91E5395529C}.Release|anycpu.Build.0 = Release|anycpu
		{70F1E160-B5F8-4D11-805D-6A40E25E9655}.Debug|anycpu.ActiveCfg = Debug|anycpu
		{70F1E160-B5F8-4D11-805D-6A40E25E9655}.Debug|anycpu.Build.0 = Debug|anycpu
		{70F1E160-B5F8-4D11-805D-6A40E25E9655}.Release|anycpu.ActiveCfg = Release|anycpu
		{70F1E160-B5F8-4D11-805D-6A40E25E9655}.Release|anycpu.Build.0 = Release|anycpu
		{11F44F43-69F1-48D5-BA79-2315AF55F1CF}.Debug|anycpu.ActiveCfg = Debug|anycpu
		{11F44F43-69F1-48D5-BA79-2315AF55F1CF}.Debug|anycpu.Build.0 = Debug|anycpu
		{11F44F43-69F1-48D5-BA79-2315AF55F1CF}.Release|anycpu.ActiveCfg = Release|anycpu
		{11F44F43-69F1-48D5-BA79-2315AF55F1CF}.Release|anycpu.Build.0 = Release|anycpu
		{388CD43F-7104-4CC5-94A7-54B561756E0C}.Debug|anycpu.ActiveCfg = Debug|anycpu
		{388CD43F-7104-4CC5-94A7-54B561756E0C}.Debug|anycpu.Build.0 = Debug|anycpu
		{388CD43F-7104-4CC5-94A7-54B561756E0C}.Release|anycpu.ActiveCfg = Release|anycpu
		{388CD43F-7104-4CC5-94A7-54B561756E0C}.Release|anycpu.Build.0 = Release|anycpu
		{1101ACC2-F968-41F4-92EE-6073D07F706C}.Debug|anycpu.ActiveCfg = Debug|anycpu
		{1101ACC2-F968-41F4-92EE-6073D07F706C}.Debug|anycpu.Build.0 = Debug|anycpu
		{1101ACC2-F968-41F4-92EE-6073D07F706C}.Release|anycpu.ActiveCfg = Release|anycpu
		{1101ACC2-F968-41F4-92EE-6073D07F706C}.Release|anycpu.Build.0 = Release|anycpu
		{2159AF3F-916E-4F9F-82C1-963250D48AA1}.Debug|anycpu.ActiveCfg = Debug|anycpu
		{2159AF3F-916E-4F9F-82C1-963250D48AA1}.Debug|anycpu.Build.0 = Debug|anycpu
		{2159AF3F-916E-4F9F-82C1-963250D48AA1}.Release|anycpu.ActiveCfg = Release|anycpu
		{2159AF3F-916E-4F9F-82C1-963250D48AA1}.Release|anycpu.Build.0 = Release|anycpu
		{48AE14DC-253C-42A4-AEFE-B22A1DBF699B}.Debug|anycpu.ActiveCfg = Debug|anycpu
		{48AE14DC-253C-42A4-AEFE-B22A1DBF699B}.Debug|anycpu.Build.0 = Debug|anycpu
		{48AE14DC-253C-42A4-AEFE-B22A1DBF699B}.Release|anycpu.ActiveCfg = Release|anycpu
		{48AE14DC-253C-42A4-AEFE-B22A1DBF699B}.Release|anycpu.Build.0 = Release|anycpu
		{25358A1F-D308-4E07-B129-696A158EBAEE}.Debug|anycpu.ActiveCfg = Debug|anycpu
		{25358A1F-D308-4E07-B129-696A158EBAEE}.Debug|anycpu.Build.0 = Debug|anycpu
		{25358A1F-D308-4E07-B129-696A158EBAEE}.Release|anycpu.ActiveCfg = Release|anycpu
		{25358A1F-D308-4E07-B129-696A158EBAEE}.Release|anycpu.Build.0 = Release|anycpu
		{5CF7DF5A-801F-4742-92D4-5B22C3796B31}.Debug|anycpu.ActiveCfg = Debug|anycpu
		{5CF7DF5A-801F-4742-92D4-5B22C3796B31}.Debug|anycpu.Build.0 = Debug|anycpu
		{5CF7DF5A-801F-4742-92D4-5B22C3796B31}.Release|anycpu.ActiveCfg = Release|anycpu
		{5CF7DF5A-801F-4742-92D4-5B22C3796B31}.Release|anycpu.Build.0 = Release|anycpu
		{A84F022E-72B6-4334-AF07-357DB38348E6}.Debug|anycpu.ActiveCfg = Debug|anycpu
		{A84F022E-72B6-4334-AF07-357DB38348E6}.Debug|anycpu.Build.0 = Debug|anycpu
		{A84F022E-72B6-4334-AF07-357DB38348E6}.Release|anycpu.ActiveCfg = Release|anycpu
		{A84F022E-72B6-4334-AF07-357DB38348E6}.Release|anycpu.Build.0 = Release|anycpu
		{1B7F538D-D846-4F80-9B45-2F20A4F27B21}.Debug|anycpu.ActiveCfg = Debug|anycpu
		{1B7F538D-D846-4F80-9B45-2F20A4F27B21}.Debug|anycpu.Build.0 = Debug|anycpu
		{1B7F538D-D846-4F80-9B45-2F20A4F27B21}.Release|anycpu.ActiveCfg = Release|anycpu
		{1B7F538D-D846-4F80-9B45-2F20A4F27B21}.Release|anycpu.Build.0 = Release|anycpu
		{A41500AE-8602-44FB-BA45-FC3CF11B39AB}.Debug|anycpu.ActiveCfg = Debug|anycpu
		{A41500AE-8602-44FB-BA45-FC3CF11B39AB}.Debug|anycpu.Build.0 = Debug|anycpu
		{A41500AE-8602-44FB-BA45-FC3CF11B39AB}.Release|anycpu.ActiveCfg = Release|anycpu
		{A41500AE-8602-44FB-BA45-FC3CF11B39AB}.Release|anycpu.Build.0 = Release|anycpu
		{085E4BEC-4ED4-4806-A2A3-44AA5AE72BDF}.Debug|anycpu.ActiveCfg = Debug|anycpu
		{085E4BEC-4ED4-4806-A2A3-44AA5AE72BDF}.Debug|anycpu.Build.0 = Debug|anycpu
		{085E4BEC-4ED4-4806-A2A3-44AA5AE72BDF}.Release|anycpu.ActiveCfg = Release|anycpu
		{085E4BEC-4ED4-4806-A2A3-44AA5AE72BDF}.Release|anycpu.Build.0 = Release|anycpu
		{F4455A7E-691E-4FFD-A531-8387664178D8}.Debug|anycpu.ActiveCfg = Debug|anycpu
		{F4455A7E-691E-4FFD-A531-8387664178D8}.Debug|anycpu.Build.0 = Debug|anycpu
		{F4455A7E-691E-4FFD-A531-8387664178D8}.Release|anycpu.ActiveCfg = Release|anycpu
		{F4455A7E-691E-4FFD-A531-8387664178D8}.Release|anycpu.Build.0 = Release|anycpu
		{A54FBA67-9500-4002-AC41-5D5007E7A326}.Debug|anycpu.ActiveCfg = Debug|anycpu
		{A54FBA67-9500-4002-AC41-5D5007E7A326}.Debug|anycpu.Build.0 = Debug|anycpu
		{A54FBA67-9500-4002-AC41-5D5007E7A326}.Release|anycpu.ActiveCfg = Release|anycpu
		{A54FBA67-9500-4002-AC41-5D5007E7A326}.Release|anycpu.Build.0 = Release|anycpu
		{BE7B9F6B-51FB-46A3-B890-C8CED3C4DF3F}.Debug|anycpu.ActiveCfg = Debug|anycpu
		{BE7B9F6B-51FB-46A3-B890-C8CED3C4DF3F}.Debug|anycpu.Build.0 = Debug|anycpu
		{BE7B9F6B-51FB-46A3-B890-C8CED3C4DF3F}.Release|anycpu.ActiveCfg = Release|anycpu
		{BE7B9F6B-51FB-46A3-B890-C8CED3C4DF3F}.Release|anycpu.Build.0 = Release|anycpu
		{A8578806-E7CC-4D77-89CB-D456A97F9A44}.Debug|anycpu.ActiveCfg = Debug|anycpu
		{A8578806-E7CC-4D77-89CB-D456A97F9A44}.Debug|anycpu.Build.0 = Debug|anycpu
		{A8578806-E7CC-4D77-89CB-D456A97F9A44}.Release|anycpu.ActiveCfg = Release|anycpu
		{A8578806-E7CC-4D77-89CB-D456A97F9A44}.Release|anycpu.Build.0 = Release|anycpu
		{ECCFCCAB-112A-4DAE-BB75-81189ADA1E11}.Debug|anycpu.ActiveCfg = Debug|anycpu
		{ECCFCCAB-112A-4DAE-BB75-81189ADA1E11}.Debug|anycpu.Build.0 = Debug|anycpu
		{ECCFCCAB-112A-4DAE-BB75-81189ADA1E11}.Release|anycpu.ActiveCfg = Release|anycpu
		{ECCFCCAB-112A-4DAE-BB75-81189ADA1E11}.Release|anycpu.Build.0 = Release|anycpu
		{F4D17AC6-0934-483E-9142-117598F1B1F2}.Debug|anycpu.ActiveCfg = Debug|anycpu
		{F4D17AC6-0934-483E-9142-117598F1B1F2}.Debug|anycpu.Build.0 = Debug|anycpu
		{F4D17AC6-0934-483E-9142-117598F1B1F2}.Release|anycpu.ActiveCfg = Release|anycpu
		{F4D17AC6-0934-483E-9142-117598F1B1F2}.Release|anycpu.Build.0 = Release|anycpu
		{53E12D17-12C6-4A22-81A7-294446AF1D4B}.Debug|anycpu.ActiveCfg = Debug|anycpu
		{53E12D17-12C6-4A22-81A7-294446AF1D4B}.Debug|anycpu.Build.0 = Debug|anycpu
		{53E12D17-12C6-4A22-81A7-294446AF1D4B}.Release|anycpu.ActiveCfg = Release|anycpu
		{53E12D17-12C6-4A22-81A7-294446AF1D4B}.Release|anycpu.Build.0 = Release|anycpu
		{B0F76E0B-2D10-4CA3-BE45-91A2579D87F5}.Debug|anycpu.ActiveCfg = Debug|anycpu
		{B0F76E0B-2D10-4CA3-BE45-91A2579D87F5}.Debug|anycpu.Build.0 = Debug|anycpu
		{B0F76E0B-2D10-4CA3-BE45-91A2579D87F5}.Release|anycpu.ActiveCfg = Release|anycpu
		{B0F76E0B-2D10-4CA3-BE45-91A2579D87F5}.Release|anycpu.Build.0 = Release|anycpu
	EndGlobalSection
	GlobalSection(SolutionProperties) = preSolution
		HideSolutionNode = FALSE
	EndGlobalSection
	GlobalSection(ExtensibilityGlobals) = postSolution
		SolutionGuid = {CA92ECEB-D420-4DDD-8DF2-CF7211128136}
	EndGlobalSection
EndGlobal
