
Microsoft Visual Studio Solution File, Format Version 12.00
# Visual Studio Version 16
VisualStudioVersion = 16.0.810.17
MinimumVisualStudioVersion = 10.0.40219.1
Project("{FAE04EC0-301F-11D3-BF4B-00C04F79EFBC}") = "001_HelloWorld", "001_HelloWorld\001_HelloWorld.csproj", "{F518817C-5477-4F08-AF1B-B57E9625C75F}"
EndProject
Project("{FAE04EC0-301F-11D3-BF4B-00C04F79EFBC}") = "002_HelloWorld2", "002_HelloWorld2\002_HelloWorld2.csproj", "{3D9227F8-4781-4998-B68F-29C9771FED24}"
EndProject
Project("{FAE04EC0-301F-11D3-BF4B-00C04F79EFBC}") = "003_HelloWorld3", "003_HelloWorld3\003_HelloWorld3.csproj", "{4A603971-033B-4E85-9470-49CE005A5255}"
EndProject
Project("{FAE04EC0-301F-11D3-BF4B-00C04F79EFBC}") = "004_Check", "004_Check\004_Check.csproj", "{EFFF1CD6-38A1-474A-BEB9-C0C38340CD2A}"
EndProject
Project("{FAE04EC0-301F-11D3-BF4B-00C04F79EFBC}") = "005_Check", "005_Check\005_Check.csproj", "{33FF44A0-4627-44F8-B2AF-44CB50D79F85}"
EndProject
Project("{FAE04EC0-301F-11D3-BF4B-00C04F79EFBC}") = "006_Variable", "006_Variable\006_Variable.csproj", "{E8BB2166-00FB-4F3F-B030-8721D560C52E}"
EndProject
Project("{FAE04EC0-301F-11D3-BF4B-00C04F79EFBC}") = "007_Variable2", "007_Variable2\007_Variable2.csproj", "{50EE2648-A85B-40DF-8D29-D328C1EDBD3A}"
EndProject
Project("{FAE04EC0-301F-11D3-BF4B-00C04F79EFBC}") = "008_Data1", "008_Data1\008_Data1.csproj", "{58DE727A-63F1-4731-B4EC-1992D43D6484}"
EndProject
Project("{FAE04EC0-301F-11D3-BF4B-00C04F79EFBC}") = "009_Data2", "009_Data2\009_Data2.csproj", "{86077AE6-D5F3-491F-A355-2BAA4E51F893}"
EndProject
Project("{FAE04EC0-301F-11D3-BF4B-00C04F79EFBC}") = "010_Data3", "010_Data3\010_Data3.csproj", "{AA474ED7-E3DF-4831-B95F-8259D494F5CC}"
EndProject
Project("{FAE04EC0-301F-11D3-BF4B-00C04F79EFBC}") = "011_Data4", "011_Data4\011_Data4.csproj", "{3724200C-C5A4-4B81-9AA5-D0B365E3E463}"
EndProject
Project("{FAE04EC0-301F-11D3-BF4B-00C04F79EFBC}") = "012_Data5", "012_Data5\012_Data5.csproj", "{5EC06302-207F-477F-A255-850EA4B890A3}"
EndProject
Project("{FAE04EC0-301F-11D3-BF4B-00C04F79EFBC}") = "013_Data6", "013_Data6\013_Data6.csproj", "{47E78195-6478-49AB-A55E-9B071BB40D71}"
EndProject
Project("{FAE04EC0-301F-11D3-BF4B-00C04F79EFBC}") = "014_Data7", "014_Data7\014_Data7.csproj", "{02AD7ED5-F3AE-4B90-ACED-A32CAF9B9C41}"
EndProject
Project("{FAE04EC0-301F-11D3-BF4B-00C04F79EFBC}") = "015_Data8", "015_Data8\015_Data8.csproj", "{D42D0929-01CD-4536-8D86-D1B318931907}"
EndProject
Project("{FAE04EC0-301F-11D3-BF4B-00C04F79EFBC}") = "016_String", "016_String\016_String.csproj", "{62C1AA01-DD11-4ED5-990D-415582166461}"
EndProject
Project("{FAE04EC0-301F-11D3-BF4B-00C04F79EFBC}") = "017_Data_bool", "017_Data_bool\017_Data_bool.csproj", "{EFAE79C6-3F16-48AB-BAFB-6250B2867C23}"
EndProject
Project("{FAE04EC0-301F-11D3-BF4B-00C04F79EFBC}") = "018_Data_object", "018_Data_object\018_Data_object.csproj", "{D012E5EE-2B88-45E9-BF64-E4E84DD2F3CA}"
EndProject
Project("{FAE04EC0-301F-11D3-BF4B-00C04F79EFBC}") = "019_Data_enum", "019_Data_enum\019_Data_enum.csproj", "{080D286F-C7C1-4F36-BD7D-7931B3A32EC2}"
EndProject
Project("{FAE04EC0-301F-11D3-BF4B-00C04F79EFBC}") = "020_Data_enum2", "020_Data_enum2\020_Data_enum2.csproj", "{17527490-7560-4BC8-A3E2-12069F1FB635}"
EndProject
Project("{FAE04EC0-301F-11D3-BF4B-00C04F79EFBC}") = "021_Data_nullable", "021_Data_nullable\021_Data_nullable.csproj", "{09E8A51F-777D-4959-AECB-DEC1FC92E6B8}"
EndProject
Project("{FAE04EC0-301F-11D3-BF4B-00C04F79EFBC}") = "022_Data_var", "022_Data_var\022_Data_var.csproj", "{642F08C7-B035-4F6E-B34A-96D20A7EEEAB}"
EndProject
Project("{FAE04EC0-301F-11D3-BF4B-00C04F79EFBC}") = "023_Data_const", "023_Data_const\023_Data_const.csproj", "{1CA04539-A4B0-40EE-B135-CE285D4F0347}"
EndProject
Project("{FAE04EC0-301F-11D3-BF4B-00C04F79EFBC}") = "024_Data_cast", "024_Data_cast\024_Data_cast.csproj", "{8C1E3D42-C9F6-4536-94E5-061C533654B8}"
EndProject
Global
	GlobalSection(SolutionConfigurationPlatforms) = preSolution
		Debug|anycpu = Debug|anycpu
		Release|anycpu = Release|anycpu
	EndGlobalSection
	GlobalSection(ProjectConfigurationPlatforms) = postSolution
		{F518817C-5477-4F08-AF1B-B57E9625C75F}.Debug|anycpu.ActiveCfg = Debug|anycpu
		{F518817C-5477-4F08-AF1B-B57E9625C75F}.Debug|anycpu.Build.0 = Debug|anycpu
		{F518817C-5477-4F08-AF1B-B57E9625C75F}.Release|anycpu.ActiveCfg = Release|anycpu
		{F518817C-5477-4F08-AF1B-B57E9625C75F}.Release|anycpu.Build.0 = Release|anycpu
		{3D9227F8-4781-4998-B68F-29C9771FED24}.Debug|anycpu.ActiveCfg = Debug|anycpu
		{3D9227F8-4781-4998-B68F-29C9771FED24}.Debug|anycpu.Build.0 = Debug|anycpu
		{3D9227F8-4781-4998-B68F-29C9771FED24}.Release|anycpu.ActiveCfg = Release|anycpu
		{3D9227F8-4781-4998-B68F-29C9771FED24}.Release|anycpu.Build.0 = Release|anycpu
		{4A603971-033B-4E85-9470-49CE005A5255}.Debug|anycpu.ActiveCfg = Debug|anycpu
		{4A603971-033B-4E85-9470-49CE005A5255}.Debug|anycpu.Build.0 = Debug|anycpu
		{4A603971-033B-4E85-9470-49CE005A5255}.Release|anycpu.ActiveCfg = Release|anycpu
		{4A603971-033B-4E85-9470-49CE005A5255}.Release|anycpu.Build.0 = Release|anycpu
		{EFFF1CD6-38A1-474A-BEB9-C0C38340CD2A}.Debug|anycpu.ActiveCfg = Debug|anycpu
		{EFFF1CD6-38A1-474A-BEB9-C0C38340CD2A}.Debug|anycpu.Build.0 = Debug|anycpu
		{EFFF1CD6-38A1-474A-BEB9-C0C38340CD2A}.Release|anycpu.ActiveCfg = Release|anycpu
		{EFFF1CD6-38A1-474A-BEB9-C0C38340CD2A}.Release|anycpu.Build.0 = Release|anycpu
		{33FF44A0-4627-44F8-B2AF-44CB50D79F85}.Debug|anycpu.ActiveCfg = Debug|anycpu
		{33FF44A0-4627-44F8-B2AF-44CB50D79F85}.Debug|anycpu.Build.0 = Debug|anycpu
		{33FF44A0-4627-44F8-B2AF-44CB50D79F85}.Release|anycpu.ActiveCfg = Release|anycpu
		{33FF44A0-4627-44F8-B2AF-44CB50D79F85}.Release|anycpu.Build.0 = Release|anycpu
		{E8BB2166-00FB-4F3F-B030-8721D560C52E}.Debug|anycpu.ActiveCfg = Debug|anycpu
		{E8BB2166-00FB-4F3F-B030-8721D560C52E}.Debug|anycpu.Build.0 = Debug|anycpu
		{E8BB2166-00FB-4F3F-B030-8721D560C52E}.Release|anycpu.ActiveCfg = Release|anycpu
		{E8BB2166-00FB-4F3F-B030-8721D560C52E}.Release|anycpu.Build.0 = Release|anycpu
		{50EE2648-A85B-40DF-8D29-D328C1EDBD3A}.Debug|anycpu.ActiveCfg = Debug|anycpu
		{50EE2648-A85B-40DF-8D29-D328C1EDBD3A}.Debug|anycpu.Build.0 = Debug|anycpu
		{50EE2648-A85B-40DF-8D29-D328C1EDBD3A}.Release|anycpu.ActiveCfg = Release|anycpu
		{50EE2648-A85B-40DF-8D29-D328C1EDBD3A}.Release|anycpu.Build.0 = Release|anycpu
		{58DE727A-63F1-4731-B4EC-1992D43D6484}.Debug|anycpu.ActiveCfg = Debug|anycpu
		{58DE727A-63F1-4731-B4EC-1992D43D6484}.Debug|anycpu.Build.0 = Debug|anycpu
		{58DE727A-63F1-4731-B4EC-1992D43D6484}.Release|anycpu.ActiveCfg = Release|anycpu
		{58DE727A-63F1-4731-B4EC-1992D43D6484}.Release|anycpu.Build.0 = Release|anycpu
		{86077AE6-D5F3-491F-A355-2BAA4E51F893}.Debug|anycpu.ActiveCfg = Debug|anycpu
		{86077AE6-D5F3-491F-A355-2BAA4E51F893}.Debug|anycpu.Build.0 = Debug|anycpu
		{86077AE6-D5F3-491F-A355-2BAA4E51F893}.Release|anycpu.ActiveCfg = Release|anycpu
		{86077AE6-D5F3-491F-A355-2BAA4E51F893}.Release|anycpu.Build.0 = Release|anycpu
		{AA474ED7-E3DF-4831-B95F-8259D494F5CC}.Debug|anycpu.ActiveCfg = Debug|anycpu
		{AA474ED7-E3DF-4831-B95F-8259D494F5CC}.Debug|anycpu.Build.0 = Debug|anycpu
		{AA474ED7-E3DF-4831-B95F-8259D494F5CC}.Release|anycpu.ActiveCfg = Release|anycpu
		{AA474ED7-E3DF-4831-B95F-8259D494F5CC}.Release|anycpu.Build.0 = Release|anycpu
		{3724200C-C5A4-4B81-9AA5-D0B365E3E463}.Debug|anycpu.ActiveCfg = Debug|anycpu
		{3724200C-C5A4-4B81-9AA5-D0B365E3E463}.Debug|anycpu.Build.0 = Debug|anycpu
		{3724200C-C5A4-4B81-9AA5-D0B365E3E463}.Release|anycpu.ActiveCfg = Release|anycpu
		{3724200C-C5A4-4B81-9AA5-D0B365E3E463}.Release|anycpu.Build.0 = Release|anycpu
		{5EC06302-207F-477F-A255-850EA4B890A3}.Debug|anycpu.ActiveCfg = Debug|anycpu
		{5EC06302-207F-477F-A255-850EA4B890A3}.Debug|anycpu.Build.0 = Debug|anycpu
		{5EC06302-207F-477F-A255-850EA4B890A3}.Release|anycpu.ActiveCfg = Release|anycpu
		{5EC06302-207F-477F-A255-850EA4B890A3}.Release|anycpu.Build.0 = Release|anycpu
		{47E78195-6478-49AB-A55E-9B071BB40D71}.Debug|anycpu.ActiveCfg = Debug|anycpu
		{47E78195-6478-49AB-A55E-9B071BB40D71}.Debug|anycpu.Build.0 = Debug|anycpu
		{47E78195-6478-49AB-A55E-9B071BB40D71}.Release|anycpu.ActiveCfg = Release|anycpu
		{47E78195-6478-49AB-A55E-9B071BB40D71}.Release|anycpu.Build.0 = Release|anycpu
		{02AD7ED5-F3AE-4B90-ACED-A32CAF9B9C41}.Debug|anycpu.ActiveCfg = Debug|anycpu
		{02AD7ED5-F3AE-4B90-ACED-A32CAF9B9C41}.Debug|anycpu.Build.0 = Debug|anycpu
		{02AD7ED5-F3AE-4B90-ACED-A32CAF9B9C41}.Release|anycpu.ActiveCfg = Release|anycpu
		{02AD7ED5-F3AE-4B90-ACED-A32CAF9B9C41}.Release|anycpu.Build.0 = Release|anycpu
		{D42D0929-01CD-4536-8D86-D1B318931907}.Debug|anycpu.ActiveCfg = Debug|anycpu
		{D42D0929-01CD-4536-8D86-D1B318931907}.Debug|anycpu.Build.0 = Debug|anycpu
		{D42D0929-01CD-4536-8D86-D1B318931907}.Release|anycpu.ActiveCfg = Release|anycpu
		{D42D0929-01CD-4536-8D86-D1B318931907}.Release|anycpu.Build.0 = Release|anycpu
		{62C1AA01-DD11-4ED5-990D-415582166461}.Debug|anycpu.ActiveCfg = Debug|anycpu
		{62C1AA01-DD11-4ED5-990D-415582166461}.Debug|anycpu.Build.0 = Debug|anycpu
		{62C1AA01-DD11-4ED5-990D-415582166461}.Release|anycpu.ActiveCfg = Release|anycpu
		{62C1AA01-DD11-4ED5-990D-415582166461}.Release|anycpu.Build.0 = Release|anycpu
		{EFAE79C6-3F16-48AB-BAFB-6250B2867C23}.Debug|anycpu.ActiveCfg = Debug|anycpu
		{EFAE79C6-3F16-48AB-BAFB-6250B2867C23}.Debug|anycpu.Build.0 = Debug|anycpu
		{EFAE79C6-3F16-48AB-BAFB-6250B2867C23}.Release|anycpu.ActiveCfg = Release|anycpu
		{EFAE79C6-3F16-48AB-BAFB-6250B2867C23}.Release|anycpu.Build.0 = Release|anycpu
		{D012E5EE-2B88-45E9-BF64-E4E84DD2F3CA}.Debug|anycpu.ActiveCfg = Debug|anycpu
		{D012E5EE-2B88-45E9-BF64-E4E84DD2F3CA}.Debug|anycpu.Build.0 = Debug|anycpu
		{D012E5EE-2B88-45E9-BF64-E4E84DD2F3CA}.Release|anycpu.ActiveCfg = Release|anycpu
		{D012E5EE-2B88-45E9-BF64-E4E84DD2F3CA}.Release|anycpu.Build.0 = Release|anycpu
		{080D286F-C7C1-4F36-BD7D-7931B3A32EC2}.Debug|anycpu.ActiveCfg = Debug|anycpu
		{080D286F-C7C1-4F36-BD7D-7931B3A32EC2}.Debug|anycpu.Build.0 = Debug|anycpu
		{080D286F-C7C1-4F36-BD7D-7931B3A32EC2}.Release|anycpu.ActiveCfg = Release|anycpu
		{080D286F-C7C1-4F36-BD7D-7931B3A32EC2}.Release|anycpu.Build.0 = Release|anycpu
		{17527490-7560-4BC8-A3E2-12069F1FB635}.Debug|anycpu.ActiveCfg = Debug|anycpu
		{17527490-7560-4BC8-A3E2-12069F1FB635}.Debug|anycpu.Build.0 = Debug|anycpu
		{17527490-7560-4BC8-A3E2-12069F1FB635}.Release|anycpu.ActiveCfg = Release|anycpu
		{17527490-7560-4BC8-A3E2-12069F1FB635}.Release|anycpu.Build.0 = Release|anycpu
		{09E8A51F-777D-4959-AECB-DEC1FC92E6B8}.Debug|anycpu.ActiveCfg = Debug|anycpu
		{09E8A51F-777D-4959-AECB-DEC1FC92E6B8}.Debug|anycpu.Build.0 = Debug|anycpu
		{09E8A51F-777D-4959-AECB-DEC1FC92E6B8}.Release|anycpu.ActiveCfg = Release|anycpu
		{09E8A51F-777D-4959-AECB-DEC1FC92E6B8}.Release|anycpu.Build.0 = Release|anycpu
		{642F08C7-B035-4F6E-B34A-96D20A7EEEAB}.Debug|anycpu.ActiveCfg = Debug|anycpu
		{642F08C7-B035-4F6E-B34A-96D20A7EEEAB}.Debug|anycpu.Build.0 = Debug|anycpu
		{642F08C7-B035-4F6E-B34A-96D20A7EEEAB}.Release|anycpu.ActiveCfg = Release|anycpu
		{642F08C7-B035-4F6E-B34A-96D20A7EEEAB}.Release|anycpu.Build.0 = Release|anycpu
		{1CA04539-A4B0-40EE-B135-CE285D4F0347}.Debug|anycpu.ActiveCfg = Debug|anycpu
		{1CA04539-A4B0-40EE-B135-CE285D4F0347}.Debug|anycpu.Build.0 = Debug|anycpu
		{1CA04539-A4B0-40EE-B135-CE285D4F0347}.Release|anycpu.ActiveCfg = Release|anycpu
		{1CA04539-A4B0-40EE-B135-CE285D4F0347}.Release|anycpu.Build.0 = Release|anycpu
		{8C1E3D42-C9F6-4536-94E5-061C533654B8}.Debug|anycpu.ActiveCfg = Debug|anycpu
		{8C1E3D42-C9F6-4536-94E5-061C533654B8}.Debug|anycpu.Build.0 = Debug|anycpu
		{8C1E3D42-C9F6-4536-94E5-061C533654B8}.Release|anycpu.ActiveCfg = Release|anycpu
		{8C1E3D42-C9F6-4536-94E5-061C533654B8}.Release|anycpu.Build.0 = Release|anycpu
	EndGlobalSection
	GlobalSection(SolutionProperties) = preSolution
		HideSolutionNode = FALSE
	EndGlobalSection
	GlobalSection(ExtensibilityGlobals) = postSolution
		SolutionGuid = {CA92ECEB-D420-4DDD-8DF2-CF7211128136}
	EndGlobalSection
EndGlobal
